
Microsoft Visual Studio Solution File, Format Version 12.00
# Visual Studio 15
VisualStudioVersion = 15.0.28010.2019
MinimumVisualStudioVersion = 10.0.40219.1
Project("{FAE04EC0-301F-11D3-BF4B-00C04F79EFBC}") = "Booleans.Wpf", "Booleans.Wpf\Booleans.Wpf.csproj", "{41833C07-5151-4687-898E-12D6CED1B270}"
EndProject
Global
	GlobalSection(SolutionConfigurationPlatforms) = preSolution
		Debug|Any CPU = Debug|Any CPU
		Release|Any CPU = Release|Any CPU
	EndGlobalSection
	GlobalSection(ProjectConfigurationPlatforms) = postSolution
		{41833C07-5151-4687-898E-12D6CED1B270}.Debug|Any CPU.ActiveCfg = Debug|Any CPU
		{41833C07-5151-4687-898E-12D6CED1B270}.Debug|Any CPU.Build.0 = Debug|Any CPU
		{41833C07-5151-4687-898E-12D6CED1B270}.Release|Any CPU.ActiveCfg = Release|Any CPU
		{41833C07-5151-4687-898E-12D6CED1B270}.Release|Any CPU.Build.0 = Release|Any CPU
	EndGlobalSection
	GlobalSection(SolutionProperties) = preSolution
		HideSolutionNode = FALSE
	EndGlobalSection
	GlobalSection(ExtensibilityGlobals) = postSolution
		SolutionGuid = {84D9E6B1-4F2F-4030-8B23-F65A09B7C51F}
	EndGlobalSection
EndGlobal
